
Microsoft Visual Studio Solution File, Format Version 12.00
# Visual Studio Version 17
VisualStudioVersion = 17.6.33829.357
MinimumVisualStudioVersion = 10.0.40219.1
Project("{FAE04EC0-301F-11D3-BF4B-00C04F79EFBC}") = "CustomerValidatorApp", "CustomerValidatorApp\CustomerValidatorApp.csproj", "{D3EBFF56-1EE4-4E61-B523-D67D71CC1FF0}"
EndProject
Global
	GlobalSection(SolutionConfigurationPlatforms) = preSolution
		Debug|Any CPU = Debug|Any CPU
		Release|Any CPU = Release|Any CPU
	EndGlobalSection
	GlobalSection(ProjectConfigurationPlatforms) = postSolution
		{D3EBFF56-1EE4-4E61-B523-D67D71CC1FF0}.Debug|Any CPU.ActiveCfg = Debug|Any CPU
		{D3EBFF56-1EE4-4E61-B523-D67D71CC1FF0}.Debug|Any CPU.Build.0 = Debug|Any CPU
		{D3EBFF56-1EE4-4E61-B523-D67D71CC1FF0}.Release|Any CPU.ActiveCfg = Release|Any CPU
		{D3EBFF56-1EE4-4E61-B523-D67D71CC1FF0}.Release|Any CPU.Build.0 = Release|Any CPU
	EndGlobalSection
	GlobalSection(SolutionProperties) = preSolution
		HideSolutionNode = FALSE
	EndGlobalSection
	GlobalSection(ExtensibilityGlobals) = postSolution
		SolutionGuid = {1AEE8559-A3BB-4A1B-95AD-DFFD9307A3E9}
	EndGlobalSection
EndGlobal
